
Microsoft Visual Studio Solution File, Format Version 12.00
# Visual Studio Version 16
VisualStudioVersion = 16.0.30204.135
MinimumVisualStudioVersion = 10.0.40219.1
Project("{9A19103F-16F7-4668-BE54-9A1E7A4F7556}") = "ControleDeSalasBackEnd", "ControleDeSalasBackEnd.csproj", "{96FDAF61-96D6-4344-B44F-A697C3AF61C3}"
EndProject
Global
	GlobalSection(SolutionConfigurationPlatforms) = preSolution
		Debug|Any CPU = Debug|Any CPU
		Release|Any CPU = Release|Any CPU
	EndGlobalSection
	GlobalSection(ProjectConfigurationPlatforms) = postSolution
		{96FDAF61-96D6-4344-B44F-A697C3AF61C3}.Debug|Any CPU.ActiveCfg = Debug|Any CPU
		{96FDAF61-96D6-4344-B44F-A697C3AF61C3}.Debug|Any CPU.Build.0 = Debug|Any CPU
		{96FDAF61-96D6-4344-B44F-A697C3AF61C3}.Release|Any CPU.ActiveCfg = Release|Any CPU
		{96FDAF61-96D6-4344-B44F-A697C3AF61C3}.Release|Any CPU.Build.0 = Release|Any CPU
	EndGlobalSection
	GlobalSection(SolutionProperties) = preSolution
		HideSolutionNode = FALSE
	EndGlobalSection
	GlobalSection(ExtensibilityGlobals) = postSolution
		SolutionGuid = {557155A5-1F79-4177-B610-03F667F2D722}
	EndGlobalSection
EndGlobal
